
Microsoft Visual Studio Solution File, Format Version 12.00
# Visual Studio 15
VisualStudioVersion = 15.0.33423.255
MinimumVisualStudioVersion = 10.0.40219.1
Project("{FAE04EC0-301F-11D3-BF4B-00C04F79EFBC}") = "LunaGPT", "LunaGPT\LunaGPT.csproj", "{A958AD24-DFE8-456B-9161-314E20328A2E}"
EndProject
Global
	GlobalSection(SolutionConfigurationPlatforms) = preSolution
		Debug|Any CPU = Debug|Any CPU
		Release|Any CPU = Release|Any CPU
	EndGlobalSection
	GlobalSection(ProjectConfigurationPlatforms) = postSolution
		{A958AD24-DFE8-456B-9161-314E20328A2E}.Debug|Any CPU.ActiveCfg = Debug|Any CPU
		{A958AD24-DFE8-456B-9161-314E20328A2E}.Debug|Any CPU.Build.0 = Debug|Any CPU
		{A958AD24-DFE8-456B-9161-314E20328A2E}.Release|Any CPU.ActiveCfg = Release|Any CPU
		{A958AD24-DFE8-456B-9161-314E20328A2E}.Release|Any CPU.Build.0 = Release|Any CPU
	EndGlobalSection
	GlobalSection(SolutionProperties) = preSolution
		HideSolutionNode = FALSE
	EndGlobalSection
	GlobalSection(ExtensibilityGlobals) = postSolution
		SolutionGuid = {B8F84F4D-81F3-4A85-9505-386948E7975D}
	EndGlobalSection
EndGlobal
